
Microsoft Visual Studio Solution File, Format Version 12.00
# Visual Studio Version 16
VisualStudioVersion = 16.0.35130.168
MinimumVisualStudioVersion = 10.0.40219.1
Project("{FAE04EC0-301F-11D3-BF4B-00C04F79EFBC}") = "LABA-1", "LABA-1\LABA-1.csproj", "{855BBB59-F603-4A6E-809A-1D70E81B9DE3}"
EndProject
Global
	GlobalSection(SolutionConfigurationPlatforms) = preSolution
		Debug|Any CPU = Debug|Any CPU
		Release|Any CPU = Release|Any CPU
	EndGlobalSection
	GlobalSection(ProjectConfigurationPlatforms) = postSolution
		{855BBB59-F603-4A6E-809A-1D70E81B9DE3}.Debug|Any CPU.ActiveCfg = Debug|Any CPU
		{855BBB59-F603-4A6E-809A-1D70E81B9DE3}.Debug|Any CPU.Build.0 = Debug|Any CPU
		{855BBB59-F603-4A6E-809A-1D70E81B9DE3}.Release|Any CPU.ActiveCfg = Release|Any CPU
		{855BBB59-F603-4A6E-809A-1D70E81B9DE3}.Release|Any CPU.Build.0 = Release|Any CPU
	EndGlobalSection
	GlobalSection(SolutionProperties) = preSolution
		HideSolutionNode = FALSE
	EndGlobalSection
	GlobalSection(ExtensibilityGlobals) = postSolution
		SolutionGuid = {02193248-C625-48D6-BEE7-66DF3F5EFA0B}
	EndGlobalSection
EndGlobal
